
Microsoft Visual Studio Solution File, Format Version 12.00
# Visual Studio Version 17
VisualStudioVersion = 17.0.32112.339
MinimumVisualStudioVersion = 10.0.40219.1
Project("{FAE04EC0-301F-11D3-BF4B-00C04F79EFBC}") = "ProjectOS2", "ProjectOS2\ProjectOS2.csproj", "{EA59B0A2-BE50-4B46-B5E8-7644787D0670}"
EndProject
Global
	GlobalSection(SolutionConfigurationPlatforms) = preSolution
		Debug|Any CPU = Debug|Any CPU
		Release|Any CPU = Release|Any CPU
	EndGlobalSection
	GlobalSection(ProjectConfigurationPlatforms) = postSolution
		{EA59B0A2-BE50-4B46-B5E8-7644787D0670}.Debug|Any CPU.ActiveCfg = Debug|Any CPU
		{EA59B0A2-BE50-4B46-B5E8-7644787D0670}.Debug|Any CPU.Build.0 = Debug|Any CPU
		{EA59B0A2-BE50-4B46-B5E8-7644787D0670}.Release|Any CPU.ActiveCfg = Release|Any CPU
		{EA59B0A2-BE50-4B46-B5E8-7644787D0670}.Release|Any CPU.Build.0 = Release|Any CPU
	EndGlobalSection
	GlobalSection(SolutionProperties) = preSolution
		HideSolutionNode = FALSE
	EndGlobalSection
	GlobalSection(ExtensibilityGlobals) = postSolution
		SolutionGuid = {B749E587-25CF-45A2-BDA9-C3BC7A3397B8}
	EndGlobalSection
EndGlobal
